
Microsoft Visual Studio Solution File, Format Version 12.00
# Visual Studio 15
VisualStudioVersion = 15.0.28307.645
MinimumVisualStudioVersion = 10.0.40219.1
Project("{FAE04EC0-301F-11D3-BF4B-00C04F79EFBC}") = "ConsoleServer", "ConsoleServer\ConsoleServer.csproj", "{5910D760-48C0-4A5F-B50E-D43539E7ECDE}"
EndProject
Project("{FAE04EC0-301F-11D3-BF4B-00C04F79EFBC}") = "AirMouse", "AirMouse\AirMouse.csproj", "{C8EB2346-5CB2-4F98-8875-D652520D1AD0}"
EndProject
Project("{FAE04EC0-301F-11D3-BF4B-00C04F79EFBC}") = "Library", "Library\Library.csproj", "{7F35220B-3354-4EA7-A9B4-CE16DFFBBE71}"
EndProject
Global
	GlobalSection(SolutionConfigurationPlatforms) = preSolution
		Debug|Any CPU = Debug|Any CPU
		Release|Any CPU = Release|Any CPU
	EndGlobalSection
	GlobalSection(ProjectConfigurationPlatforms) = postSolution
		{5910D760-48C0-4A5F-B50E-D43539E7ECDE}.Debug|Any CPU.ActiveCfg = Debug|Any CPU
		{5910D760-48C0-4A5F-B50E-D43539E7ECDE}.Debug|Any CPU.Build.0 = Debug|Any CPU
		{5910D760-48C0-4A5F-B50E-D43539E7ECDE}.Release|Any CPU.ActiveCfg = Release|Any CPU
		{5910D760-48C0-4A5F-B50E-D43539E7ECDE}.Release|Any CPU.Build.0 = Release|Any CPU
		{C8EB2346-5CB2-4F98-8875-D652520D1AD0}.Debug|Any CPU.ActiveCfg = Debug|Any CPU
		{C8EB2346-5CB2-4F98-8875-D652520D1AD0}.Debug|Any CPU.Build.0 = Debug|Any CPU
		{C8EB2346-5CB2-4F98-8875-D652520D1AD0}.Debug|Any CPU.Deploy.0 = Debug|Any CPU
		{C8EB2346-5CB2-4F98-8875-D652520D1AD0}.Release|Any CPU.ActiveCfg = Release|Any CPU
		{C8EB2346-5CB2-4F98-8875-D652520D1AD0}.Release|Any CPU.Build.0 = Release|Any CPU
		{C8EB2346-5CB2-4F98-8875-D652520D1AD0}.Release|Any CPU.Deploy.0 = Release|Any CPU
		{7F35220B-3354-4EA7-A9B4-CE16DFFBBE71}.Debug|Any CPU.ActiveCfg = Debug|Any CPU
		{7F35220B-3354-4EA7-A9B4-CE16DFFBBE71}.Debug|Any CPU.Build.0 = Debug|Any CPU
		{7F35220B-3354-4EA7-A9B4-CE16DFFBBE71}.Release|Any CPU.ActiveCfg = Release|Any CPU
		{7F35220B-3354-4EA7-A9B4-CE16DFFBBE71}.Release|Any CPU.Build.0 = Release|Any CPU
	EndGlobalSection
	GlobalSection(SolutionProperties) = preSolution
		HideSolutionNode = FALSE
	EndGlobalSection
	GlobalSection(ExtensibilityGlobals) = postSolution
		SolutionGuid = {8D8246A1-B5B4-441F-A2B2-3D0E2063E2CD}
	EndGlobalSection
EndGlobal
